
Microsoft Visual Studio Solution File, Format Version 12.00
Project("{FAE04EC0-301F-11D3-BF4B-00C04F79EFBC}") = "Crate.Core", "Crate.Core\Crate.Core.csproj", "{BBC4D856-2390-4BEE-A197-D45E582A881D}"
EndProject
Project("{FAE04EC0-301F-11D3-BF4B-00C04F79EFBC}") = "Crate.cli", "Crate.cli\Crate.cli.csproj", "{C7B35286-3F1F-4A47-B64C-1F687B962FFE}"
EndProject
Project("{FAE04EC0-301F-11D3-BF4B-00C04F79EFBC}") = "Crate.Lambda", "Crate.Lambda\Crate.Lambda.csproj", "{EB10276D-435D-4B5C-A540-DA20540B93D6}"
EndProject
Global
	GlobalSection(SolutionConfigurationPlatforms) = preSolution
		Debug|Any CPU = Debug|Any CPU
		Release|Any CPU = Release|Any CPU
	EndGlobalSection
	GlobalSection(ProjectConfigurationPlatforms) = postSolution
		{BBC4D856-2390-4BEE-A197-D45E582A881D}.Debug|Any CPU.ActiveCfg = Debug|Any CPU
		{BBC4D856-2390-4BEE-A197-D45E582A881D}.Debug|Any CPU.Build.0 = Debug|Any CPU
		{BBC4D856-2390-4BEE-A197-D45E582A881D}.Release|Any CPU.ActiveCfg = Release|Any CPU
		{BBC4D856-2390-4BEE-A197-D45E582A881D}.Release|Any CPU.Build.0 = Release|Any CPU
		{C7B35286-3F1F-4A47-B64C-1F687B962FFE}.Debug|Any CPU.ActiveCfg = Debug|Any CPU
		{C7B35286-3F1F-4A47-B64C-1F687B962FFE}.Debug|Any CPU.Build.0 = Debug|Any CPU
		{C7B35286-3F1F-4A47-B64C-1F687B962FFE}.Release|Any CPU.ActiveCfg = Release|Any CPU
		{C7B35286-3F1F-4A47-B64C-1F687B962FFE}.Release|Any CPU.Build.0 = Release|Any CPU
		{EB10276D-435D-4B5C-A540-DA20540B93D6}.Debug|Any CPU.ActiveCfg = Debug|Any CPU
		{EB10276D-435D-4B5C-A540-DA20540B93D6}.Debug|Any CPU.Build.0 = Debug|Any CPU
		{EB10276D-435D-4B5C-A540-DA20540B93D6}.Release|Any CPU.ActiveCfg = Release|Any CPU
		{EB10276D-435D-4B5C-A540-DA20540B93D6}.Release|Any CPU.Build.0 = Release|Any CPU
	EndGlobalSection
EndGlobal
